// !$*UTF8*$!
{
	archiveVersion = 1;
	classes = {
	};
	objectVersion = 48;
	objects = {

/* Begin PBXBuildFile section */
		52C13E96797E4BBF38F5704C /* Pods_iDog.framework in Frameworks */ = {isa = PBXBuildFile; fileRef = 4BABAFC6C471C8F0AD42A07A /* Pods_iDog.framework */; };
		5B8DAA011FCE1AE50003E4E8 /* UIViewControllerExtension.swift in Sources */ = {isa = PBXBuildFile; fileRef = 5B8DA9FE1FCE1AE40003E4E8 /* UIViewControllerExtension.swift */; };
		5B8DAA021FCE1AE50003E4E8 /* UIImageViewExtension.swift in Sources */ = {isa = PBXBuildFile; fileRef = 5B8DA9FF1FCE1AE40003E4E8 /* UIImageViewExtension.swift */; };
		5B8DAA031FCE1AE50003E4E8 /* UIViewExtension.swift in Sources */ = {isa = PBXBuildFile; fileRef = 5B8DAA001FCE1AE40003E4E8 /* UIViewExtension.swift */; };
		5B8DAA0D1FCE1C820003E4E8 /* BreedsListController.swift in Sources */ = {isa = PBXBuildFile; fileRef = 5B8DAA0C1FCE1C820003E4E8 /* BreedsListController.swift */; };
		5B8DAA0F1FCE1C990003E4E8 /* BreedsListViewModel.swift in Sources */ = {isa = PBXBuildFile; fileRef = 5B8DAA0E1FCE1C990003E4E8 /* BreedsListViewModel.swift */; };
		5B8DAA131FCE1CB40003E4E8 /* BreedsList.storyboard in Resources */ = {isa = PBXBuildFile; fileRef = 5B8DAA121FCE1CB40003E4E8 /* BreedsList.storyboard */; };
		5B8DAA151FCE1CF90003E4E8 /* BreedCell.swift in Sources */ = {isa = PBXBuildFile; fileRef = 5B8DAA141FCE1CF90003E4E8 /* BreedCell.swift */; };
		5B8DAA171FCE1D3F0003E4E8 /* Breed.swift in Sources */ = {isa = PBXBuildFile; fileRef = 5B8DAA161FCE1D3F0003E4E8 /* Breed.swift */; };
		5B8DAA191FCE1E160003E4E8 /* BreedsRepository.swift in Sources */ = {isa = PBXBuildFile; fileRef = 5B8DAA181FCE1E160003E4E8 /* BreedsRepository.swift */; };
		5B8DAA1B1FCE213F0003E4E8 /* Constants.swift in Sources */ = {isa = PBXBuildFile; fileRef = 5B8DAA1A1FCE213F0003E4E8 /* Constants.swift */; };
		5BAA8B381FCE19E90031CF5E /* BaseRepository.swift in Sources */ = {isa = PBXBuildFile; fileRef = 5BAA8B371FCE19E90031CF5E /* BaseRepository.swift */; };
		5BCDE8051FCE44AE00482412 /* BreedImages.storyboard in Resources */ = {isa = PBXBuildFile; fileRef = 5BCDE8041FCE44AE00482412 /* BreedImages.storyboard */; };
		5BCDE8071FCE44BC00482412 /* BreedImageCell.swift in Sources */ = {isa = PBXBuildFile; fileRef = 5BCDE8061FCE44BC00482412 /* BreedImageCell.swift */; };
		5BCDE8091FCE44C900482412 /* BreedImagesController.swift in Sources */ = {isa = PBXBuildFile; fileRef = 5BCDE8081FCE44C900482412 /* BreedImagesController.swift */; };
		5BCDE80B1FCE44E800482412 /* BreedImagesViewModel.swift in Sources */ = {isa = PBXBuildFile; fileRef = 5BCDE80A1FCE44E800482412 /* BreedImagesViewModel.swift */; };
		5BED3EDE1FCE175F00E7CD17 /* AppDelegate.swift in Sources */ = {isa = PBXBuildFile; fileRef = 5BED3EDD1FCE175F00E7CD17 /* AppDelegate.swift */; };
		5BED3EE01FCE175F00E7CD17 /* ViewController.swift in Sources */ = {isa = PBXBuildFile; fileRef = 5BED3EDF1FCE175F00E7CD17 /* ViewController.swift */; };
		5BED3EE31FCE175F00E7CD17 /* Main.storyboard in Resources */ = {isa = PBXBuildFile; fileRef = 5BED3EE11FCE175F00E7CD17 /* Main.storyboard */; };
		5BED3EE51FCE175F00E7CD17 /* Assets.xcassets in Resources */ = {isa = PBXBuildFile; fileRef = 5BED3EE41FCE175F00E7CD17 /* Assets.xcassets */; };
		5BED3EE81FCE175F00E7CD17 /* LaunchScreen.storyboard in Resources */ = {isa = PBXBuildFile; fileRef = 5BED3EE61FCE175F00E7CD17 /* LaunchScreen.storyboard */; };
/* End PBXBuildFile section */

/* Begin PBXFileReference section */
		4BABAFC6C471C8F0AD42A07A /* Pods_iDog.framework */ = {isa = PBXFileReference; explicitFileType = wrapper.framework; includeInIndex = 0; path = Pods_iDog.framework; sourceTree = BUILT_PRODUCTS_DIR; };
		5B8DA9FE1FCE1AE40003E4E8 /* UIViewControllerExtension.swift */ = {isa = PBXFileReference; fileEncoding = 4; lastKnownFileType = sourcecode.swift; path = UIViewControllerExtension.swift; sourceTree = "<group>"; };
		5B8DA9FF1FCE1AE40003E4E8 /* UIImageViewExtension.swift */ = {isa = PBXFileReference; fileEncoding = 4; lastKnownFileType = sourcecode.swift; path = UIImageViewExtension.swift; sourceTree = "<group>"; };
		5B8DAA001FCE1AE40003E4E8 /* UIViewExtension.swift */ = {isa = PBXFileReference; fileEncoding = 4; lastKnownFileType = sourcecode.swift; path = UIViewExtension.swift; sourceTree = "<group>"; };
		5B8DAA0C1FCE1C820003E4E8 /* BreedsListController.swift */ = {isa = PBXFileReference; lastKnownFileType = sourcecode.swift; path = BreedsListController.swift; sourceTree = "<group>"; };
		5B8DAA0E1FCE1C990003E4E8 /* BreedsListViewModel.swift */ = {isa = PBXFileReference; lastKnownFileType = sourcecode.swift; path = BreedsListViewModel.swift; sourceTree = "<group>"; };
		5B8DAA121FCE1CB40003E4E8 /* BreedsList.storyboard */ = {isa = PBXFileReference; lastKnownFileType = file.storyboard; path = BreedsList.storyboard; sourceTree = "<group>"; };
		5B8DAA141FCE1CF90003E4E8 /* BreedCell.swift */ = {isa = PBXFileReference; lastKnownFileType = sourcecode.swift; path = BreedCell.swift; sourceTree = "<group>"; };
		5B8DAA161FCE1D3F0003E4E8 /* Breed.swift */ = {isa = PBXFileReference; lastKnownFileType = sourcecode.swift; path = Breed.swift; sourceTree = "<group>"; };
		5B8DAA181FCE1E160003E4E8 /* BreedsRepository.swift */ = {isa = PBXFileReference; lastKnownFileType = sourcecode.swift; path = BreedsRepository.swift; sourceTree = "<group>"; };
		5B8DAA1A1FCE213F0003E4E8 /* Constants.swift */ = {isa = PBXFileReference; lastKnownFileType = sourcecode.swift; path = Constants.swift; sourceTree = "<group>"; };
		5BAA8B371FCE19E90031CF5E /* BaseRepository.swift */ = {isa = PBXFileReference; lastKnownFileType = sourcecode.swift; path = BaseRepository.swift; sourceTree = "<group>"; };
		5BCDE8041FCE44AE00482412 /* BreedImages.storyboard */ = {isa = PBXFileReference; lastKnownFileType = file.storyboard; path = BreedImages.storyboard; sourceTree = "<group>"; };
		5BCDE8061FCE44BC00482412 /* BreedImageCell.swift */ = {isa = PBXFileReference; lastKnownFileType = sourcecode.swift; path = BreedImageCell.swift; sourceTree = "<group>"; };
		5BCDE8081FCE44C900482412 /* BreedImagesController.swift */ = {isa = PBXFileReference; lastKnownFileType = sourcecode.swift; path = BreedImagesController.swift; sourceTree = "<group>"; };
		5BCDE80A1FCE44E800482412 /* BreedImagesViewModel.swift */ = {isa = PBXFileReference; lastKnownFileType = sourcecode.swift; path = BreedImagesViewModel.swift; sourceTree = "<group>"; };
		5BED3EDA1FCE175F00E7CD17 /* iDog.app */ = {isa = PBXFileReference; explicitFileType = wrapper.application; includeInIndex = 0; path = iDog.app; sourceTree = BUILT_PRODUCTS_DIR; };
		5BED3EDD1FCE175F00E7CD17 /* AppDelegate.swift */ = {isa = PBXFileReference; lastKnownFileType = sourcecode.swift; path = AppDelegate.swift; sourceTree = "<group>"; };
		5BED3EDF1FCE175F00E7CD17 /* ViewController.swift */ = {isa = PBXFileReference; lastKnownFileType = sourcecode.swift; path = ViewController.swift; sourceTree = "<group>"; };
		5BED3EE21FCE175F00E7CD17 /* Base */ = {isa = PBXFileReference; lastKnownFileType = file.storyboard; name = Base; path = Base.lproj/Main.storyboard; sourceTree = "<group>"; };
		5BED3EE41FCE175F00E7CD17 /* Assets.xcassets */ = {isa = PBXFileReference; lastKnownFileType = folder.assetcatalog; path = Assets.xcassets; sourceTree = "<group>"; };
		5BED3EE71FCE175F00E7CD17 /* Base */ = {isa = PBXFileReference; lastKnownFileType = file.storyboard; name = Base; path = Base.lproj/LaunchScreen.storyboard; sourceTree = "<group>"; };
		5BED3EE91FCE175F00E7CD17 /* Info.plist */ = {isa = PBXFileReference; lastKnownFileType = text.plist.xml; path = Info.plist; sourceTree = "<group>"; };
		709F1EE55EF0818EC74C9DA8 /* Pods-iDog.release.xcconfig */ = {isa = PBXFileReference; includeInIndex = 1; lastKnownFileType = text.xcconfig; name = "Pods-iDog.release.xcconfig"; path = "Pods/Target Support Files/Pods-iDog/Pods-iDog.release.xcconfig"; sourceTree = "<group>"; };
		FE877C4E000DC85D3F88F1BA /* Pods-iDog.debug.xcconfig */ = {isa = PBXFileReference; includeInIndex = 1; lastKnownFileType = text.xcconfig; name = "Pods-iDog.debug.xcconfig"; path = "Pods/Target Support Files/Pods-iDog/Pods-iDog.debug.xcconfig"; sourceTree = "<group>"; };
/* End PBXFileReference section */

/* Begin PBXFrameworksBuildPhase section */
		5BED3ED71FCE175F00E7CD17 /* Frameworks */ = {
			isa = PBXFrameworksBuildPhase;
			buildActionMask = 2147483647;
			files = (
				52C13E96797E4BBF38F5704C /* Pods_iDog.framework in Frameworks */,
			);
			runOnlyForDeploymentPostprocessing = 0;
		};
/* End PBXFrameworksBuildPhase section */

/* Begin PBXGroup section */
		233F6CB5897E4E4BC7BE135C /* Pods */ = {
			isa = PBXGroup;
			children = (
				FE877C4E000DC85D3F88F1BA /* Pods-iDog.debug.xcconfig */,
				709F1EE55EF0818EC74C9DA8 /* Pods-iDog.release.xcconfig */,
			);
			name = Pods;
			sourceTree = "<group>";
		};
		5B8DAA041FCE1AEC0003E4E8 /* Extensions */ = {
			isa = PBXGroup;
			children = (
				5B8DA9FF1FCE1AE40003E4E8 /* UIImageViewExtension.swift */,
				5B8DA9FE1FCE1AE40003E4E8 /* UIViewControllerExtension.swift */,
				5B8DAA001FCE1AE40003E4E8 /* UIViewExtension.swift */,
			);
			path = Extensions;
			sourceTree = "<group>";
		};
		5B8DAA051FCE1B260003E4E8 /* Resource */ = {
			isa = PBXGroup;
			children = (
				5BED3EE41FCE175F00E7CD17 /* Assets.xcassets */,
				5BED3EE91FCE175F00E7CD17 /* Info.plist */,
				5BED3EE61FCE175F00E7CD17 /* LaunchScreen.storyboard */,
				5BED3EE11FCE175F00E7CD17 /* Main.storyboard */,
			);
			path = Resource;
			sourceTree = "<group>";
		};
		5B8DAA061FCE1B5C0003E4E8 /* Model */ = {
			isa = PBXGroup;
			children = (
				5B8DAA161FCE1D3F0003E4E8 /* Breed.swift */,
			);
			path = Model;
			sourceTree = "<group>";
		};
		5B8DAA071FCE1B760003E4E8 /* UseCase */ = {
			isa = PBXGroup;
			children = (
				5BCDE8031FCE449C00482412 /* BreedImages */,
				5B8DAA091FCE1C0F0003E4E8 /* BreedsList */,
			);
			path = UseCase;
			sourceTree = "<group>";
		};
		5B8DAA081FCE1B850003E4E8 /* Repository */ = {
			isa = PBXGroup;
			children = (
				5B8DAA181FCE1E160003E4E8 /* BreedsRepository.swift */,
			);
			path = Repository;
			sourceTree = "<group>";
		};
		5B8DAA091FCE1C0F0003E4E8 /* BreedsList */ = {
			isa = PBXGroup;
			children = (
				5B8DAA0C1FCE1C820003E4E8 /* BreedsListController.swift */,
				5B8DAA0E1FCE1C990003E4E8 /* BreedsListViewModel.swift */,
				5B8DAA141FCE1CF90003E4E8 /* BreedCell.swift */,
				5B8DAA121FCE1CB40003E4E8 /* BreedsList.storyboard */,
			);
			path = BreedsList;
			sourceTree = "<group>";
		};
		5BAA8B361FCE19930031CF5E /* Base */ = {
			isa = PBXGroup;
			children = (
				5B8DAA041FCE1AEC0003E4E8 /* Extensions */,
				5BED3EDD1FCE175F00E7CD17 /* AppDelegate.swift */,
				5BAA8B371FCE19E90031CF5E /* BaseRepository.swift */,
				5B8DAA1A1FCE213F0003E4E8 /* Constants.swift */,
			);
			path = Base;
			sourceTree = "<group>";
		};
		5BCDE8031FCE449C00482412 /* BreedImages */ = {
			isa = PBXGroup;
			children = (
				5BCDE8041FCE44AE00482412 /* BreedImages.storyboard */,
				5BCDE8081FCE44C900482412 /* BreedImagesController.swift */,
				5BCDE80A1FCE44E800482412 /* BreedImagesViewModel.swift */,
				5BCDE8061FCE44BC00482412 /* BreedImageCell.swift */,
			);
			path = BreedImages;
			sourceTree = "<group>";
		};
		5BED3ED11FCE175F00E7CD17 = {
			isa = PBXGroup;
			children = (
				5BED3EDC1FCE175F00E7CD17 /* iDog */,
				5BED3EDB1FCE175F00E7CD17 /* Products */,
				233F6CB5897E4E4BC7BE135C /* Pods */,
				D0F9DB5154345CB792D94E63 /* Frameworks */,
			);
			sourceTree = "<group>";
		};
		5BED3EDB1FCE175F00E7CD17 /* Products */ = {
			isa = PBXGroup;
			children = (
				5BED3EDA1FCE175F00E7CD17 /* iDog.app */,
			);
			name = Products;
			sourceTree = "<group>";
		};
		5BED3EDC1FCE175F00E7CD17 /* iDog */ = {
			isa = PBXGroup;
			children = (
				5BAA8B361FCE19930031CF5E /* Base */,
				5B8DAA061FCE1B5C0003E4E8 /* Model */,
				5B8DAA081FCE1B850003E4E8 /* Repository */,
				5B8DAA051FCE1B260003E4E8 /* Resource */,
				5B8DAA071FCE1B760003E4E8 /* UseCase */,
				5BED3EDF1FCE175F00E7CD17 /* ViewController.swift */,
			);
			path = iDog;
			sourceTree = "<group>";
		};
		D0F9DB5154345CB792D94E63 /* Frameworks */ = {
			isa = PBXGroup;
			children = (
				4BABAFC6C471C8F0AD42A07A /* Pods_iDog.framework */,
			);
			name = Frameworks;
			sourceTree = "<group>";
		};
/* End PBXGroup section */

/* Begin PBXNativeTarget section */
		5BED3ED91FCE175F00E7CD17 /* iDog */ = {
			isa = PBXNativeTarget;
			buildConfigurationList = 5BED3EEC1FCE175F00E7CD17 /* Build configuration list for PBXNativeTarget "iDog" */;
			buildPhases = (
				6C67095B7EF98E03921C60D0 /* [CP] Check Pods Manifest.lock */,
				5BED3ED61FCE175F00E7CD17 /* Sources */,
				5BED3ED71FCE175F00E7CD17 /* Frameworks */,
				5BED3ED81FCE175F00E7CD17 /* Resources */,
				19D0AF9A8A356DA19788E210 /* [CP] Embed Pods Frameworks */,
				5AE3EC03C5834A028F687351 /* [CP] Copy Pods Resources */,
			);
			buildRules = (
			);
			dependencies = (
			);
			name = iDog;
			productName = iDog;
			productReference = 5BED3EDA1FCE175F00E7CD17 /* iDog.app */;
			productType = "com.apple.product-type.application";
		};
/* End PBXNativeTarget section */

/* Begin PBXProject section */
		5BED3ED21FCE175F00E7CD17 /* Project object */ = {
			isa = PBXProject;
			attributes = {
				LastSwiftUpdateCheck = 0910;
				LastUpgradeCheck = 0910;
				ORGANIZATIONNAME = "Rodrigo Dumont";
				TargetAttributes = {
					5BED3ED91FCE175F00E7CD17 = {
						CreatedOnToolsVersion = 9.1;
						ProvisioningStyle = Automatic;
					};
				};
			};
			buildConfigurationList = 5BED3ED51FCE175F00E7CD17 /* Build configuration list for PBXProject "iDog" */;
			compatibilityVersion = "Xcode 8.0";
			developmentRegion = en;
			hasScannedForEncodings = 0;
			knownRegions = (
				en,
				Base,
			);
			mainGroup = 5BED3ED11FCE175F00E7CD17;
			productRefGroup = 5BED3EDB1FCE175F00E7CD17 /* Products */;
			projectDirPath = "";
			projectRoot = "";
			targets = (
				5BED3ED91FCE175F00E7CD17 /* iDog */,
			);
		};
/* End PBXProject section */

/* Begin PBXResourcesBuildPhase section */
		5BED3ED81FCE175F00E7CD17 /* Resources */ = {
			isa = PBXResourcesBuildPhase;
			buildActionMask = 2147483647;
			files = (
				5BED3EE81FCE175F00E7CD17 /* LaunchScreen.storyboard in Resources */,
				5B8DAA131FCE1CB40003E4E8 /* BreedsList.storyboard in Resources */,
				5BED3EE51FCE175F00E7CD17 /* Assets.xcassets in Resources */,
				5BCDE8051FCE44AE00482412 /* BreedImages.storyboard in Resources */,
				5BED3EE31FCE175F00E7CD17 /* Main.storyboard in Resources */,
			);
			runOnlyForDeploymentPostprocessing = 0;
		};
/* End PBXResourcesBuildPhase section */

/* Begin PBXShellScriptBuildPhase section */
		19D0AF9A8A356DA19788E210 /* [CP] Embed Pods Frameworks */ = {
			isa = PBXShellScriptBuildPhase;
			buildActionMask = 2147483647;
			files = (
			);
			inputPaths = (
				"${SRCROOT}/Pods/Target Support Files/Pods-iDog/Pods-iDog-frameworks.sh",
				"${BUILT_PRODUCTS_DIR}/Alamofire/Alamofire.framework",
				"${BUILT_PRODUCTS_DIR}/Kingfisher/Kingfisher.framework",
				"${BUILT_PRODUCTS_DIR}/MBProgressHUD/MBProgressHUD.framework",
				"${BUILT_PRODUCTS_DIR}/SwiftyJSON/SwiftyJSON.framework",
			);
			name = "[CP] Embed Pods Frameworks";
			outputPaths = (
				"${TARGET_BUILD_DIR}/${FRAMEWORKS_FOLDER_PATH}/Alamofire.framework",
				"${TARGET_BUILD_DIR}/${FRAMEWORKS_FOLDER_PATH}/Kingfisher.framework",
				"${TARGET_BUILD_DIR}/${FRAMEWORKS_FOLDER_PATH}/MBProgressHUD.framework",
				"${TARGET_BUILD_DIR}/${FRAMEWORKS_FOLDER_PATH}/SwiftyJSON.framework",
			);
			runOnlyForDeploymentPostprocessing = 0;
			shellPath = /bin/sh;
			shellScript = "\"${SRCROOT}/Pods/Target Support Files/Pods-iDog/Pods-iDog-frameworks.sh\"\n";
			showEnvVarsInLog = 0;
		};
		5AE3EC03C5834A028F687351 /* [CP] Copy Pods Resources */ = {
			isa = PBXShellScriptBuildPhase;
			buildActionMask = 2147483647;
			files = (
			);
			inputPaths = (
			);
			name = "[CP] Copy Pods Resources";
			outputPaths = (
			);
			runOnlyForDeploymentPostprocessing = 0;
			shellPath = /bin/sh;
			shellScript = "\"${SRCROOT}/Pods/Target Support Files/Pods-iDog/Pods-iDog-resources.sh\"\n";
			showEnvVarsInLog = 0;
		};
		6C67095B7EF98E03921C60D0 /* [CP] Check Pods Manifest.lock */ = {
			isa = PBXShellScriptBuildPhase;
			buildActionMask = 2147483647;
			files = (
			);
			inputPaths = (
				"${PODS_PODFILE_DIR_PATH}/Podfile.lock",
				"${PODS_ROOT}/Manifest.lock",
			);
			name = "[CP] Check Pods Manifest.lock";
			outputPaths = (
				"$(DERIVED_FILE_DIR)/Pods-iDog-checkManifestLockResult.txt",
			);
			runOnlyForDeploymentPostprocessing = 0;
			shellPath = /bin/sh;
			shellScript = "diff \"${PODS_PODFILE_DIR_PATH}/Podfile.lock\" \"${PODS_ROOT}/Manifest.lock\" > /dev/null\nif [ $? != 0 ] ; then\n    # print error to STDERR\n    echo \"error: The sandbox is not in sync with the Podfile.lock. Run 'pod install' or update your CocoaPods installation.\" >&2\n    exit 1\nfi\n# This output is used by Xcode 'outputs' to avoid re-running this script phase.\necho \"SUCCESS\" > \"${SCRIPT_OUTPUT_FILE_0}\"\n";
			showEnvVarsInLog = 0;
		};
/* End PBXShellScriptBuildPhase section */

/* Begin PBXSourcesBuildPhase section */
		5BED3ED61FCE175F00E7CD17 /* Sources */ = {
			isa = PBXSourcesBuildPhase;
			buildActionMask = 2147483647;
			files = (
				5B8DAA151FCE1CF90003E4E8 /* BreedCell.swift in Sources */,
				5B8DAA031FCE1AE50003E4E8 /* UIViewExtension.swift in Sources */,
				5B8DAA021FCE1AE50003E4E8 /* UIImageViewExtension.swift in Sources */,
				5B8DAA011FCE1AE50003E4E8 /* UIViewControllerExtension.swift in Sources */,
				5BCDE8091FCE44C900482412 /* BreedImagesController.swift in Sources */,
				5BAA8B381FCE19E90031CF5E /* BaseRepository.swift in Sources */,
				5BED3EE01FCE175F00E7CD17 /* ViewController.swift in Sources */,
				5BCDE80B1FCE44E800482412 /* BreedImagesViewModel.swift in Sources */,
				5B8DAA0F1FCE1C990003E4E8 /* BreedsListViewModel.swift in Sources */,
				5BCDE8071FCE44BC00482412 /* BreedImageCell.swift in Sources */,
				5B8DAA191FCE1E160003E4E8 /* BreedsRepository.swift in Sources */,
				5B8DAA0D1FCE1C820003E4E8 /* BreedsListController.swift in Sources */,
				5B8DAA171FCE1D3F0003E4E8 /* Breed.swift in Sources */,
				5BED3EDE1FCE175F00E7CD17 /* AppDelegate.swift in Sources */,
				5B8DAA1B1FCE213F0003E4E8 /* Constants.swift in Sources */,
			);
			runOnlyForDeploymentPostprocessing = 0;
		};
/* End PBXSourcesBuildPhase section */

/* Begin PBXVariantGroup section */
		5BED3EE11FCE175F00E7CD17 /* Main.storyboard */ = {
			isa = PBXVariantGroup;
			children = (
				5BED3EE21FCE175F00E7CD17 /* Base */,
			);
			name = Main.storyboard;
			sourceTree = "<group>";
		};
		5BED3EE61FCE175F00E7CD17 /* LaunchScreen.storyboard */ = {
			isa = PBXVariantGroup;
			children = (
				5BED3EE71FCE175F00E7CD17 /* Base */,
			);
			name = LaunchScreen.storyboard;
			sourceTree = "<group>";
		};
/* End PBXVariantGroup section */

/* Begin XCBuildConfiguration section */
		5BED3EEA1FCE175F00E7CD17 /* Debug */ = {
			isa = XCBuildConfiguration;
			buildSettings = {
				ALWAYS_SEARCH_USER_PATHS = NO;
				CLANG_ANALYZER_NONNULL = YES;
				CLANG_ANALYZER_NUMBER_OBJECT_CONVERSION = YES_AGGRESSIVE;
				CLANG_CXX_LANGUAGE_STANDARD = "gnu++14";
				CLANG_CXX_LIBRARY = "libc++";
				CLANG_ENABLE_MODULES = YES;
				CLANG_ENABLE_OBJC_ARC = YES;
				CLANG_WARN_BLOCK_CAPTURE_AUTORELEASING = YES;
				CLANG_WARN_BOOL_CONVERSION = YES;
				CLANG_WARN_COMMA = YES;
				CLANG_WARN_CONSTANT_CONVERSION = YES;
				CLANG_WARN_DIRECT_OBJC_ISA_USAGE = YES_ERROR;
				CLANG_WARN_DOCUMENTATION_COMMENTS = YES;
				CLANG_WARN_EMPTY_BODY = YES;
				CLANG_WARN_ENUM_CONVERSION = YES;
				CLANG_WARN_INFINITE_RECURSION = YES;
				CLANG_WARN_INT_CONVERSION = YES;
				CLANG_WARN_NON_LITERAL_NULL_CONVERSION = YES;
				CLANG_WARN_OBJC_LITERAL_CONVERSION = YES;
				CLANG_WARN_OBJC_ROOT_CLASS = YES_ERROR;
				CLANG_WARN_RANGE_LOOP_ANALYSIS = YES;
				CLANG_WARN_STRICT_PROTOTYPES = YES;
				CLANG_WARN_SUSPICIOUS_MOVE = YES;
				CLANG_WARN_UNGUARDED_AVAILABILITY = YES_AGGRESSIVE;
				CLANG_WARN_UNREACHABLE_CODE = YES;
				CLANG_WARN__DUPLICATE_METHOD_MATCH = YES;
				CODE_SIGN_IDENTITY = "iPhone Developer";
				COPY_PHASE_STRIP = NO;
				DEBUG_INFORMATION_FORMAT = dwarf;
				ENABLE_STRICT_OBJC_MSGSEND = YES;
				ENABLE_TESTABILITY = YES;
				GCC_C_LANGUAGE_STANDARD = gnu11;
				GCC_DYNAMIC_NO_PIC = NO;
				GCC_NO_COMMON_BLOCKS = YES;
				GCC_OPTIMIZATION_LEVEL = 0;
				GCC_PREPROCESSOR_DEFINITIONS = (
					"DEBUG=1",
					"$(inherited)",
				);
				GCC_WARN_64_TO_32_BIT_CONVERSION = YES;
				GCC_WARN_ABOUT_RETURN_TYPE = YES_ERROR;
				GCC_WARN_UNDECLARED_SELECTOR = YES;
				GCC_WARN_UNINITIALIZED_AUTOS = YES_AGGRESSIVE;
				GCC_WARN_UNUSED_FUNCTION = YES;
				GCC_WARN_UNUSED_VARIABLE = YES;
				IPHONEOS_DEPLOYMENT_TARGET = 11.1;
				MTL_ENABLE_DEBUG_INFO = YES;
				ONLY_ACTIVE_ARCH = YES;
				SDKROOT = iphoneos;
				SWIFT_ACTIVE_COMPILATION_CONDITIONS = DEBUG;
				SWIFT_OPTIMIZATION_LEVEL = "-Onone";
			};
			name = Debug;
		};
		5BED3EEB1FCE175F00E7CD17 /* Release */ = {
			isa = XCBuildConfiguration;
			buildSettings = {
				ALWAYS_SEARCH_USER_PATHS = NO;
				CLANG_ANALYZER_NONNULL = YES;
				CLANG_ANALYZER_NUMBER_OBJECT_CONVERSION = YES_AGGRESSIVE;
				CLANG_CXX_LANGUAGE_STANDARD = "gnu++14";
				CLANG_CXX_LIBRARY = "libc++";
				CLANG_ENABLE_MODULES = YES;
				CLANG_ENABLE_OBJC_ARC = YES;
				CLANG_WARN_BLOCK_CAPTURE_AUTORELEASING = YES;
				CLANG_WARN_BOOL_CONVERSION = YES;
				CLANG_WARN_COMMA = YES;
				CLANG_WARN_CONSTANT_CONVERSION = YES;
				CLANG_WARN_DIRECT_OBJC_ISA_USAGE = YES_ERROR;
				CLANG_WARN_DOCUMENTATION_COMMENTS = YES;
				CLANG_WARN_EMPTY_BODY = YES;
				CLANG_WARN_ENUM_CONVERSION = YES;
				CLANG_WARN_INFINITE_RECURSION = YES;
				CLANG_WARN_INT_CONVERSION = YES;
				CLANG_WARN_NON_LITERAL_NULL_CONVERSION = YES;
				CLANG_WARN_OBJC_LITERAL_CONVERSION = YES;
				CLANG_WARN_OBJC_ROOT_CLASS = YES_ERROR;
				CLANG_WARN_RANGE_LOOP_ANALYSIS = YES;
				CLANG_WARN_STRICT_PROTOTYPES = YES;
				CLANG_WARN_SUSPICIOUS_MOVE = YES;
				CLANG_WARN_UNGUARDED_AVAILABILITY = YES_AGGRESSIVE;
				CLANG_WARN_UNREACHABLE_CODE = YES;
				CLANG_WARN__DUPLICATE_METHOD_MATCH = YES;
				CODE_SIGN_IDENTITY = "iPhone Developer";
				COPY_PHASE_STRIP = NO;
				DEBUG_INFORMATION_FORMAT = "dwarf-with-dsym";
				ENABLE_NS_ASSERTIONS = NO;
				ENABLE_STRICT_OBJC_MSGSEND = YES;
				GCC_C_LANGUAGE_STANDARD = gnu11;
				GCC_NO_COMMON_BLOCKS = YES;
				GCC_WARN_64_TO_32_BIT_CONVERSION = YES;
				GCC_WARN_ABOUT_RETURN_TYPE = YES_ERROR;
				GCC_WARN_UNDECLARED_SELECTOR = YES;
				GCC_WARN_UNINITIALIZED_AUTOS = YES_AGGRESSIVE;
				GCC_WARN_UNUSED_FUNCTION = YES;
				GCC_WARN_UNUSED_VARIABLE = YES;
				IPHONEOS_DEPLOYMENT_TARGET = 11.1;
				MTL_ENABLE_DEBUG_INFO = NO;
				SDKROOT = iphoneos;
				SWIFT_OPTIMIZATION_LEVEL = "-Owholemodule";
				VALIDATE_PRODUCT = YES;
			};
			name = Release;
		};
		5BED3EED1FCE175F00E7CD17 /* Debug */ = {
			isa = XCBuildConfiguration;
			baseConfigurationReference = FE877C4E000DC85D3F88F1BA /* Pods-iDog.debug.xcconfig */;
			buildSettings = {
				ASSETCATALOG_COMPILER_APPICON_NAME = AppIcon;
				CODE_SIGN_STYLE = Automatic;
				DEVELOPMENT_TEAM = WQ2FN46XND;
				INFOPLIST_FILE = "$(SRCROOT)/iDog/Resource/Info.plist";
				LD_RUNPATH_SEARCH_PATHS = "$(inherited) @executable_path/Frameworks";
				PRODUCT_BUNDLE_IDENTIFIER = RxDx.iDog;
				PRODUCT_NAME = "$(TARGET_NAME)";
				SWIFT_VERSION = 4.0;
				TARGETED_DEVICE_FAMILY = "1,2";
			};
			name = Debug;
		};
		5BED3EEE1FCE175F00E7CD17 /* Release */ = {
			isa = XCBuildConfiguration;
			baseConfigurationReference = 709F1EE55EF0818EC74C9DA8 /* Pods-iDog.release.xcconfig */;
			buildSettings = {
				ASSETCATALOG_COMPILER_APPICON_NAME = AppIcon;
				CODE_SIGN_STYLE = Automatic;
				DEVELOPMENT_TEAM = WQ2FN46XND;
				INFOPLIST_FILE = "$(SRCROOT)/iDog/Resource/Info.plist";
				LD_RUNPATH_SEARCH_PATHS = "$(inherited) @executable_path/Frameworks";
				PRODUCT_BUNDLE_IDENTIFIER = RxDx.iDog;
				PRODUCT_NAME = "$(TARGET_NAME)";
				SWIFT_VERSION = 4.0;
				TARGETED_DEVICE_FAMILY = "1,2";
			};
			name = Release;
		};
/* End XCBuildConfiguration section */

/* Begin XCConfigurationList section */
		5BED3ED51FCE175F00E7CD17 /* Build configuration list for PBXProject "iDog" */ = {
			isa = XCConfigurationList;
			buildConfigurations = (
				5BED3EEA1FCE175F00E7CD17 /* Debug */,
				5BED3EEB1FCE175F00E7CD17 /* Release */,
			);
			defaultConfigurationIsVisible = 0;
			defaultConfigurationName = Release;
		};
		5BED3EEC1FCE175F00E7CD17 /* Build configuration list for PBXNativeTarget "iDog" */ = {
			isa = XCConfigurationList;
			buildConfigurations = (
				5BED3EED1FCE175F00E7CD17 /* Debug */,
				5BED3EEE1FCE175F00E7CD17 /* Release */,
			);
			defaultConfigurationIsVisible = 0;
			defaultConfigurationName = Release;
		};
/* End XCConfigurationList section */
	};
	rootObject = 5BED3ED21FCE175F00E7CD17 /* Project object */;
}
