// !$*UTF8*$!
{
	archiveVersion = 1;
	classes = {
	};
	objectVersion = 48;
	objects = {

/* Begin PBXBuildFile section */
		5BED3EDE1FCE175F00E7CD17 /* AppDelegate.swift in Sources */ = {isa = PBXBuildFile; fileRef = 5BED3EDD1FCE175F00E7CD17 /* AppDelegate.swift */; };
		5BED3EE01FCE175F00E7CD17 /* ViewController.swift in Sources */ = {isa = PBXBuildFile; fileRef = 5BED3EDF1FCE175F00E7CD17 /* ViewController.swift */; };
		5BED3EE31FCE175F00E7CD17 /* Main.storyboard in Resources */ = {isa = PBXBuildFile; fileRef = 5BED3EE11FCE175F00E7CD17 /* Main.storyboard */; };
		5BED3EE51FCE175F00E7CD17 /* Assets.xcassets in Resources */ = {isa = PBXBuildFile; fileRef = 5BED3EE41FCE175F00E7CD17 /* Assets.xcassets */; };
		5BED3EE81FCE175F00E7CD17 /* LaunchScreen.storyboard in Resources */ = {isa = PBXBuildFile; fileRef = 5BED3EE61FCE175F00E7CD17 /* LaunchScreen.storyboard */; };
/* End PBXBuildFile section */

/* Begin PBXFileReference section */
		5BED3EDA1FCE175F00E7CD17 /* iDog.app */ = {isa = PBXFileReference; explicitFileType = wrapper.application; includeInIndex = 0; path = iDog.app; sourceTree = BUILT_PRODUCTS_DIR; };
		5BED3EDD1FCE175F00E7CD17 /* AppDelegate.swift */ = {isa = PBXFileReference; lastKnownFileType = sourcecode.swift; path = AppDelegate.swift; sourceTree = "<group>"; };
		5BED3EDF1FCE175F00E7CD17 /* ViewController.swift */ = {isa = PBXFileReference; lastKnownFileType = sourcecode.swift; path = ViewController.swift; sourceTree = "<group>"; };
		5BED3EE21FCE175F00E7CD17 /* Base */ = {isa = PBXFileReference; lastKnownFileType = file.storyboard; name = Base; path = Base.lproj/Main.storyboard; sourceTree = "<group>"; };
		5BED3EE41FCE175F00E7CD17 /* Assets.xcassets */ = {isa = PBXFileReference; lastKnownFileType = folder.assetcatalog; path = Assets.xcassets; sourceTree = "<group>"; };
		5BED3EE71FCE175F00E7CD17 /* Base */ = {isa = PBXFileReference; lastKnownFileType = file.storyboard; name = Base; path = Base.lproj/LaunchScreen.storyboard; sourceTree = "<group>"; };
		5BED3EE91FCE175F00E7CD17 /* Info.plist */ = {isa = PBXFileReference; lastKnownFileType = text.plist.xml; path = Info.plist; sourceTree = "<group>"; };
/* End PBXFileReference section */

/* Begin PBXFrameworksBuildPhase section */
		5BED3ED71FCE175F00E7CD17 /* Frameworks */ = {
			isa = PBXFrameworksBuildPhase;
			buildActionMask = 2147483647;
			files = (
			);
			runOnlyForDeploymentPostprocessing = 0;
		};
/* End PBXFrameworksBuildPhase section */

/* Begin PBXGroup section */
		5BED3ED11FCE175F00E7CD17 = {
			isa = PBXGroup;
			children = (
				5BED3EDC1FCE175F00E7CD17 /* iDog */,
				5BED3EDB1FCE175F00E7CD17 /* Products */,
			);
			sourceTree = "<group>";
		};
		5BED3EDB1FCE175F00E7CD17 /* Products */ = {
			isa = PBXGroup;
			children = (
				5BED3EDA1FCE175F00E7CD17 /* iDog.app */,
			);
			name = Products;
			sourceTree = "<group>";
		};
		5BED3EDC1FCE175F00E7CD17 /* iDog */ = {
			isa = PBXGroup;
			children = (
				5BED3EDD1FCE175F00E7CD17 /* AppDelegate.swift */,
				5BED3EDF1FCE175F00E7CD17 /* ViewController.swift */,
				5BED3EE11FCE175F00E7CD17 /* Main.storyboard */,
				5BED3EE41FCE175F00E7CD17 /* Assets.xcassets */,
				5BED3EE61FCE175F00E7CD17 /* LaunchScreen.storyboard */,
				5BED3EE91FCE175F00E7CD17 /* Info.plist */,
			);
			path = iDog;
			sourceTree = "<group>";
		};
/* End PBXGroup section */

/* Begin PBXNativeTarget section */
		5BED3ED91FCE175F00E7CD17 /* iDog */ = {
			isa = PBXNativeTarget;
			buildConfigurationList = 5BED3EEC1FCE175F00E7CD17 /* Build configuration list for PBXNativeTarget "iDog" */;
			buildPhases = (
				5BED3ED61FCE175F00E7CD17 /* Sources */,
				5BED3ED71FCE175F00E7CD17 /* Frameworks */,
				5BED3ED81FCE175F00E7CD17 /* Resources */,
			);
			buildRules = (
			);
			dependencies = (
			);
			name = iDog;
			productName = iDog;
			productReference = 5BED3EDA1FCE175F00E7CD17 /* iDog.app */;
			productType = "com.apple.product-type.application";
		};
/* End PBXNativeTarget section */

/* Begin PBXProject section */
		5BED3ED21FCE175F00E7CD17 /* Project object */ = {
			isa = PBXProject;
			attributes = {
				LastSwiftUpdateCheck = 0910;
				LastUpgradeCheck = 0910;
				ORGANIZATIONNAME = "Rodrigo Dumont";
				TargetAttributes = {
					5BED3ED91FCE175F00E7CD17 = {
						CreatedOnToolsVersion = 9.1;
						ProvisioningStyle = Automatic;
					};
				};
			};
			buildConfigurationList = 5BED3ED51FCE175F00E7CD17 /* Build configuration list for PBXProject "iDog" */;
			compatibilityVersion = "Xcode 8.0";
			developmentRegion = en;
			hasScannedForEncodings = 0;
			knownRegions = (
				en,
				Base,
			);
			mainGroup = 5BED3ED11FCE175F00E7CD17;
			productRefGroup = 5BED3EDB1FCE175F00E7CD17 /* Products */;
			projectDirPath = "";
			projectRoot = "";
			targets = (
				5BED3ED91FCE175F00E7CD17 /* iDog */,
			);
		};
/* End PBXProject section */

/* Begin PBXResourcesBuildPhase section */
		5BED3ED81FCE175F00E7CD17 /* Resources */ = {
			isa = PBXResourcesBuildPhase;
			buildActionMask = 2147483647;
			files = (
				5BED3EE81FCE175F00E7CD17 /* LaunchScreen.storyboard in Resources */,
				5BED3EE51FCE175F00E7CD17 /* Assets.xcassets in Resources */,
				5BED3EE31FCE175F00E7CD17 /* Main.storyboard in Resources */,
			);
			runOnlyForDeploymentPostprocessing = 0;
		};
/* End PBXResourcesBuildPhase section */

/* Begin PBXSourcesBuildPhase section */
		5BED3ED61FCE175F00E7CD17 /* Sources */ = {
			isa = PBXSourcesBuildPhase;
			buildActionMask = 2147483647;
			files = (
				5BED3EE01FCE175F00E7CD17 /* ViewController.swift in Sources */,
				5BED3EDE1FCE175F00E7CD17 /* AppDelegate.swift in Sources */,
			);
			runOnlyForDeploymentPostprocessing = 0;
		};
/* End PBXSourcesBuildPhase section */

/* Begin PBXVariantGroup section */
		5BED3EE11FCE175F00E7CD17 /* Main.storyboard */ = {
			isa = PBXVariantGroup;
			children = (
				5BED3EE21FCE175F00E7CD17 /* Base */,
			);
			name = Main.storyboard;
			sourceTree = "<group>";
		};
		5BED3EE61FCE175F00E7CD17 /* LaunchScreen.storyboard */ = {
			isa = PBXVariantGroup;
			children = (
				5BED3EE71FCE175F00E7CD17 /* Base */,
			);
			name = LaunchScreen.storyboard;
			sourceTree = "<group>";
		};
/* End PBXVariantGroup section */

/* Begin XCBuildConfiguration section */
		5BED3EEA1FCE175F00E7CD17 /* Debug */ = {
			isa = XCBuildConfiguration;
			buildSettings = {
				ALWAYS_SEARCH_USER_PATHS = NO;
				CLANG_ANALYZER_NONNULL = YES;
				CLANG_ANALYZER_NUMBER_OBJECT_CONVERSION = YES_AGGRESSIVE;
				CLANG_CXX_LANGUAGE_STANDARD = "gnu++14";
				CLANG_CXX_LIBRARY = "libc++";
				CLANG_ENABLE_MODULES = YES;
				CLANG_ENABLE_OBJC_ARC = YES;
				CLANG_WARN_BLOCK_CAPTURE_AUTORELEASING = YES;
				CLANG_WARN_BOOL_CONVERSION = YES;
				CLANG_WARN_COMMA = YES;
				CLANG_WARN_CONSTANT_CONVERSION = YES;
				CLANG_WARN_DIRECT_OBJC_ISA_USAGE = YES_ERROR;
				CLANG_WARN_DOCUMENTATION_COMMENTS = YES;
				CLANG_WARN_EMPTY_BODY = YES;
				CLANG_WARN_ENUM_CONVERSION = YES;
				CLANG_WARN_INFINITE_RECURSION = YES;
				CLANG_WARN_INT_CONVERSION = YES;
				CLANG_WARN_NON_LITERAL_NULL_CONVERSION = YES;
				CLANG_WARN_OBJC_LITERAL_CONVERSION = YES;
				CLANG_WARN_OBJC_ROOT_CLASS = YES_ERROR;
				CLANG_WARN_RANGE_LOOP_ANALYSIS = YES;
				CLANG_WARN_STRICT_PROTOTYPES = YES;
				CLANG_WARN_SUSPICIOUS_MOVE = YES;
				CLANG_WARN_UNGUARDED_AVAILABILITY = YES_AGGRESSIVE;
				CLANG_WARN_UNREACHABLE_CODE = YES;
				CLANG_WARN__DUPLICATE_METHOD_MATCH = YES;
				CODE_SIGN_IDENTITY = "iPhone Developer";
				COPY_PHASE_STRIP = NO;
				DEBUG_INFORMATION_FORMAT = dwarf;
				ENABLE_STRICT_OBJC_MSGSEND = YES;
				ENABLE_TESTABILITY = YES;
				GCC_C_LANGUAGE_STANDARD = gnu11;
				GCC_DYNAMIC_NO_PIC = NO;
				GCC_NO_COMMON_BLOCKS = YES;
				GCC_OPTIMIZATION_LEVEL = 0;
				GCC_PREPROCESSOR_DEFINITIONS = (
					"DEBUG=1",
					"$(inherited)",
				);
				GCC_WARN_64_TO_32_BIT_CONVERSION = YES;
				GCC_WARN_ABOUT_RETURN_TYPE = YES_ERROR;
				GCC_WARN_UNDECLARED_SELECTOR = YES;
				GCC_WARN_UNINITIALIZED_AUTOS = YES_AGGRESSIVE;
				GCC_WARN_UNUSED_FUNCTION = YES;
				GCC_WARN_UNUSED_VARIABLE = YES;
				IPHONEOS_DEPLOYMENT_TARGET = 11.1;
				MTL_ENABLE_DEBUG_INFO = YES;
				ONLY_ACTIVE_ARCH = YES;
				SDKROOT = iphoneos;
				SWIFT_ACTIVE_COMPILATION_CONDITIONS = DEBUG;
				SWIFT_OPTIMIZATION_LEVEL = "-Onone";
			};
			name = Debug;
		};
		5BED3EEB1FCE175F00E7CD17 /* Release */ = {
			isa = XCBuildConfiguration;
			buildSettings = {
				ALWAYS_SEARCH_USER_PATHS = NO;
				CLANG_ANALYZER_NONNULL = YES;
				CLANG_ANALYZER_NUMBER_OBJECT_CONVERSION = YES_AGGRESSIVE;
				CLANG_CXX_LANGUAGE_STANDARD = "gnu++14";
				CLANG_CXX_LIBRARY = "libc++";
				CLANG_ENABLE_MODULES = YES;
				CLANG_ENABLE_OBJC_ARC = YES;
				CLANG_WARN_BLOCK_CAPTURE_AUTORELEASING = YES;
				CLANG_WARN_BOOL_CONVERSION = YES;
				CLANG_WARN_COMMA = YES;
				CLANG_WARN_CONSTANT_CONVERSION = YES;
				CLANG_WARN_DIRECT_OBJC_ISA_USAGE = YES_ERROR;
				CLANG_WARN_DOCUMENTATION_COMMENTS = YES;
				CLANG_WARN_EMPTY_BODY = YES;
				CLANG_WARN_ENUM_CONVERSION = YES;
				CLANG_WARN_INFINITE_RECURSION = YES;
				CLANG_WARN_INT_CONVERSION = YES;
				CLANG_WARN_NON_LITERAL_NULL_CONVERSION = YES;
				CLANG_WARN_OBJC_LITERAL_CONVERSION = YES;
				CLANG_WARN_OBJC_ROOT_CLASS = YES_ERROR;
				CLANG_WARN_RANGE_LOOP_ANALYSIS = YES;
				CLANG_WARN_STRICT_PROTOTYPES = YES;
				CLANG_WARN_SUSPICIOUS_MOVE = YES;
				CLANG_WARN_UNGUARDED_AVAILABILITY = YES_AGGRESSIVE;
				CLANG_WARN_UNREACHABLE_CODE = YES;
				CLANG_WARN__DUPLICATE_METHOD_MATCH = YES;
				CODE_SIGN_IDENTITY = "iPhone Developer";
				COPY_PHASE_STRIP = NO;
				DEBUG_INFORMATION_FORMAT = "dwarf-with-dsym";
				ENABLE_NS_ASSERTIONS = NO;
				ENABLE_STRICT_OBJC_MSGSEND = YES;
				GCC_C_LANGUAGE_STANDARD = gnu11;
				GCC_NO_COMMON_BLOCKS = YES;
				GCC_WARN_64_TO_32_BIT_CONVERSION = YES;
				GCC_WARN_ABOUT_RETURN_TYPE = YES_ERROR;
				GCC_WARN_UNDECLARED_SELECTOR = YES;
				GCC_WARN_UNINITIALIZED_AUTOS = YES_AGGRESSIVE;
				GCC_WARN_UNUSED_FUNCTION = YES;
				GCC_WARN_UNUSED_VARIABLE = YES;
				IPHONEOS_DEPLOYMENT_TARGET = 11.1;
				MTL_ENABLE_DEBUG_INFO = NO;
				SDKROOT = iphoneos;
				SWIFT_OPTIMIZATION_LEVEL = "-Owholemodule";
				VALIDATE_PRODUCT = YES;
			};
			name = Release;
		};
		5BED3EED1FCE175F00E7CD17 /* Debug */ = {
			isa = XCBuildConfiguration;
			buildSettings = {
				ASSETCATALOG_COMPILER_APPICON_NAME = AppIcon;
				CODE_SIGN_STYLE = Automatic;
				DEVELOPMENT_TEAM = WQ2FN46XND;
				INFOPLIST_FILE = iDog/Info.plist;
				LD_RUNPATH_SEARCH_PATHS = "$(inherited) @executable_path/Frameworks";
				PRODUCT_BUNDLE_IDENTIFIER = RxDx.iDog;
				PRODUCT_NAME = "$(TARGET_NAME)";
				SWIFT_VERSION = 4.0;
				TARGETED_DEVICE_FAMILY = "1,2";
			};
			name = Debug;
		};
		5BED3EEE1FCE175F00E7CD17 /* Release */ = {
			isa = XCBuildConfiguration;
			buildSettings = {
				ASSETCATALOG_COMPILER_APPICON_NAME = AppIcon;
				CODE_SIGN_STYLE = Automatic;
				DEVELOPMENT_TEAM = WQ2FN46XND;
				INFOPLIST_FILE = iDog/Info.plist;
				LD_RUNPATH_SEARCH_PATHS = "$(inherited) @executable_path/Frameworks";
				PRODUCT_BUNDLE_IDENTIFIER = RxDx.iDog;
				PRODUCT_NAME = "$(TARGET_NAME)";
				SWIFT_VERSION = 4.0;
				TARGETED_DEVICE_FAMILY = "1,2";
			};
			name = Release;
		};
/* End XCBuildConfiguration section */

/* Begin XCConfigurationList section */
		5BED3ED51FCE175F00E7CD17 /* Build configuration list for PBXProject "iDog" */ = {
			isa = XCConfigurationList;
			buildConfigurations = (
				5BED3EEA1FCE175F00E7CD17 /* Debug */,
				5BED3EEB1FCE175F00E7CD17 /* Release */,
			);
			defaultConfigurationIsVisible = 0;
			defaultConfigurationName = Release;
		};
		5BED3EEC1FCE175F00E7CD17 /* Build configuration list for PBXNativeTarget "iDog" */ = {
			isa = XCConfigurationList;
			buildConfigurations = (
				5BED3EED1FCE175F00E7CD17 /* Debug */,
				5BED3EEE1FCE175F00E7CD17 /* Release */,
			);
			defaultConfigurationIsVisible = 0;
			defaultConfigurationName = Release;
		};
/* End XCConfigurationList section */
	};
	rootObject = 5BED3ED21FCE175F00E7CD17 /* Project object */;
}
